
Microsoft Visual Studio Solution File, Format Version 12.00
# Visual Studio Version 17
VisualStudioVersion = 17.10.35013.160
MinimumVisualStudioVersion = 10.0.40219.1
Project("{9A19103F-16F7-4668-BE54-9A1E7A4F7556}") = "mi_feature.Api", "mi_feature.Api\mi_feature.Api.csproj", "{A8ADDC15-58C1-4572-9D9F-972B0BA8D69C}"
EndProject
Global
	GlobalSection(SolutionConfigurationPlatforms) = preSolution
		Debug|Any CPU = Debug|Any CPU
		Release|Any CPU = Release|Any CPU
	EndGlobalSection
	GlobalSection(ProjectConfigurationPlatforms) = postSolution
		{A8ADDC15-58C1-4572-9D9F-972B0BA8D69C}.Debug|Any CPU.ActiveCfg = Debug|Any CPU
		{A8ADDC15-58C1-4572-9D9F-972B0BA8D69C}.Debug|Any CPU.Build.0 = Debug|Any CPU
		{A8ADDC15-58C1-4572-9D9F-972B0BA8D69C}.Release|Any CPU.ActiveCfg = Release|Any CPU
		{A8ADDC15-58C1-4572-9D9F-972B0BA8D69C}.Release|Any CPU.Build.0 = Release|Any CPU
	EndGlobalSection
	GlobalSection(SolutionProperties) = preSolution
		HideSolutionNode = FALSE
	EndGlobalSection
	GlobalSection(ExtensibilityGlobals) = postSolution
		SolutionGuid = {C6D63F9D-2465-4BB6-AB91-866076C2CE0E}
	EndGlobalSection
EndGlobal
